// !$*UTF8*$!
{
	archiveVersion = 1;
	classes = {
	};
	objectVersion = 56;
	objects = {

/* Begin PBXBuildFile section */
		785AFB272BB9CFC8005A621D /* missions.json in Resources */ = {isa = PBXBuildFile; fileRef = 785AFB252BB9CFC7005A621D /* missions.json */; };
		785AFB282BB9CFC8005A621D /* astronauts.json in Resources */ = {isa = PBXBuildFile; fileRef = 785AFB262BB9CFC8005A621D /* astronauts.json */; };
		785AFB2A2BB9D093005A621D /* Astronaut.swift in Sources */ = {isa = PBXBuildFile; fileRef = 785AFB292BB9D093005A621D /* Astronaut.swift */; };
		785AFB2C2BB9D118005A621D /* Bundle-Decodable.swift in Sources */ = {isa = PBXBuildFile; fileRef = 785AFB2B2BB9D118005A621D /* Bundle-Decodable.swift */; };
		785AFB2E2BB9D52A005A621D /* Mission.swift in Sources */ = {isa = PBXBuildFile; fileRef = 785AFB2D2BB9D52A005A621D /* Mission.swift */; };
		785AFB302BB9D9E9005A621D /* Color-Theme.swift in Sources */ = {isa = PBXBuildFile; fileRef = 785AFB2F2BB9D9E9005A621D /* Color-Theme.swift */; };
		7884A1812BB858B1007F536E /* MoonshotApp.swift in Sources */ = {isa = PBXBuildFile; fileRef = 7884A1802BB858B1007F536E /* MoonshotApp.swift */; };
		7884A1832BB858B1007F536E /* ContentView.swift in Sources */ = {isa = PBXBuildFile; fileRef = 7884A1822BB858B1007F536E /* ContentView.swift */; };
		7884A1852BB858B3007F536E /* Assets.xcassets in Resources */ = {isa = PBXBuildFile; fileRef = 7884A1842BB858B3007F536E /* Assets.xcassets */; };
		7884A1882BB858B3007F536E /* Preview Assets.xcassets in Resources */ = {isa = PBXBuildFile; fileRef = 7884A1872BB858B3007F536E /* Preview Assets.xcassets */; };
		78947C312BBB41E400EE873E /* MissionView.swift in Sources */ = {isa = PBXBuildFile; fileRef = 78947C302BBB41E400EE873E /* MissionView.swift */; };
		78947C332BBB587B00EE873E /* AstronautView.swift in Sources */ = {isa = PBXBuildFile; fileRef = 78947C322BBB587B00EE873E /* AstronautView.swift */; };
		78947C352BBCE04E00EE873E /* Divider.swift in Sources */ = {isa = PBXBuildFile; fileRef = 78947C342BBCE04E00EE873E /* Divider.swift */; };
		78947C372BBCE0B500EE873E /* CrewView.swift in Sources */ = {isa = PBXBuildFile; fileRef = 78947C362BBCE0B500EE873E /* CrewView.swift */; };
		78947C3B2BBE1D9E00EE873E /* FlipView.swift in Sources */ = {isa = PBXBuildFile; fileRef = 78947C3A2BBE1D9E00EE873E /* FlipView.swift */; };
/* End PBXBuildFile section */

/* Begin PBXFileReference section */
		785AFB252BB9CFC7005A621D /* missions.json */ = {isa = PBXFileReference; fileEncoding = 4; lastKnownFileType = text.json; path = missions.json; sourceTree = "<group>"; };
		785AFB262BB9CFC8005A621D /* astronauts.json */ = {isa = PBXFileReference; fileEncoding = 4; lastKnownFileType = text.json; path = astronauts.json; sourceTree = "<group>"; };
		785AFB292BB9D093005A621D /* Astronaut.swift */ = {isa = PBXFileReference; lastKnownFileType = sourcecode.swift; path = Astronaut.swift; sourceTree = "<group>"; };
		785AFB2B2BB9D118005A621D /* Bundle-Decodable.swift */ = {isa = PBXFileReference; lastKnownFileType = sourcecode.swift; path = "Bundle-Decodable.swift"; sourceTree = "<group>"; };
		785AFB2D2BB9D52A005A621D /* Mission.swift */ = {isa = PBXFileReference; lastKnownFileType = sourcecode.swift; path = Mission.swift; sourceTree = "<group>"; };
		785AFB2F2BB9D9E9005A621D /* Color-Theme.swift */ = {isa = PBXFileReference; lastKnownFileType = sourcecode.swift; path = "Color-Theme.swift"; sourceTree = "<group>"; };
		7884A17D2BB858B1007F536E /* Moonshot.app */ = {isa = PBXFileReference; explicitFileType = wrapper.application; includeInIndex = 0; path = Moonshot.app; sourceTree = BUILT_PRODUCTS_DIR; };
		7884A1802BB858B1007F536E /* MoonshotApp.swift */ = {isa = PBXFileReference; lastKnownFileType = sourcecode.swift; path = MoonshotApp.swift; sourceTree = "<group>"; };
		7884A1822BB858B1007F536E /* ContentView.swift */ = {isa = PBXFileReference; lastKnownFileType = sourcecode.swift; path = ContentView.swift; sourceTree = "<group>"; };
		7884A1842BB858B3007F536E /* Assets.xcassets */ = {isa = PBXFileReference; lastKnownFileType = folder.assetcatalog; path = Assets.xcassets; sourceTree = "<group>"; };
		7884A1872BB858B3007F536E /* Preview Assets.xcassets */ = {isa = PBXFileReference; lastKnownFileType = folder.assetcatalog; path = "Preview Assets.xcassets"; sourceTree = "<group>"; };
		78947C302BBB41E400EE873E /* MissionView.swift */ = {isa = PBXFileReference; lastKnownFileType = sourcecode.swift; path = MissionView.swift; sourceTree = "<group>"; };
		78947C322BBB587B00EE873E /* AstronautView.swift */ = {isa = PBXFileReference; lastKnownFileType = sourcecode.swift; path = AstronautView.swift; sourceTree = "<group>"; };
		78947C342BBCE04E00EE873E /* Divider.swift */ = {isa = PBXFileReference; lastKnownFileType = sourcecode.swift; path = Divider.swift; sourceTree = "<group>"; };
		78947C362BBCE0B500EE873E /* CrewView.swift */ = {isa = PBXFileReference; lastKnownFileType = sourcecode.swift; path = CrewView.swift; sourceTree = "<group>"; };
		78947C3A2BBE1D9E00EE873E /* FlipView.swift */ = {isa = PBXFileReference; lastKnownFileType = sourcecode.swift; path = FlipView.swift; sourceTree = "<group>"; };
/* End PBXFileReference section */

/* Begin PBXFrameworksBuildPhase section */
		7884A17A2BB858B1007F536E /* Frameworks */ = {
			isa = PBXFrameworksBuildPhase;
			buildActionMask = 2147483647;
			files = (
			);
			runOnlyForDeploymentPostprocessing = 0;
		};
/* End PBXFrameworksBuildPhase section */

/* Begin PBXGroup section */
		7884A1742BB858B1007F536E = {
			isa = PBXGroup;
			children = (
				7884A17F2BB858B1007F536E /* Moonshot */,
				7884A17E2BB858B1007F536E /* Products */,
			);
			sourceTree = "<group>";
		};
		7884A17E2BB858B1007F536E /* Products */ = {
			isa = PBXGroup;
			children = (
				7884A17D2BB858B1007F536E /* Moonshot.app */,
			);
			name = Products;
			sourceTree = "<group>";
		};
		7884A17F2BB858B1007F536E /* Moonshot */ = {
			isa = PBXGroup;
			children = (
				785AFB252BB9CFC7005A621D /* missions.json */,
				785AFB262BB9CFC8005A621D /* astronauts.json */,
				7884A1802BB858B1007F536E /* MoonshotApp.swift */,
				7884A1822BB858B1007F536E /* ContentView.swift */,
				78947C302BBB41E400EE873E /* MissionView.swift */,
				78947C362BBCE0B500EE873E /* CrewView.swift */,
				78947C342BBCE04E00EE873E /* Divider.swift */,
				78947C322BBB587B00EE873E /* AstronautView.swift */,
				785AFB2F2BB9D9E9005A621D /* Color-Theme.swift */,
				785AFB2D2BB9D52A005A621D /* Mission.swift */,
				785AFB292BB9D093005A621D /* Astronaut.swift */,
				785AFB2B2BB9D118005A621D /* Bundle-Decodable.swift */,
				7884A1842BB858B3007F536E /* Assets.xcassets */,
				7884A1862BB858B3007F536E /* Preview Content */,
				78947C3A2BBE1D9E00EE873E /* FlipView.swift */,
			);
			path = Moonshot;
			sourceTree = "<group>";
		};
		7884A1862BB858B3007F536E /* Preview Content */ = {
			isa = PBXGroup;
			children = (
				7884A1872BB858B3007F536E /* Preview Assets.xcassets */,
			);
			path = "Preview Content";
			sourceTree = "<group>";
		};
/* End PBXGroup section */

/* Begin PBXNativeTarget section */
		7884A17C2BB858B1007F536E /* Moonshot */ = {
			isa = PBXNativeTarget;
			buildConfigurationList = 7884A18B2BB858B3007F536E /* Build configuration list for PBXNativeTarget "Moonshot" */;
			buildPhases = (
				7884A1792BB858B1007F536E /* Sources */,
				7884A17A2BB858B1007F536E /* Frameworks */,
				7884A17B2BB858B1007F536E /* Resources */,
			);
			buildRules = (
			);
			dependencies = (
			);
			name = Moonshot;
			productName = Moonshot;
			productReference = 7884A17D2BB858B1007F536E /* Moonshot.app */;
			productType = "com.apple.product-type.application";
		};
/* End PBXNativeTarget section */

/* Begin PBXProject section */
		7884A1752BB858B1007F536E /* Project object */ = {
			isa = PBXProject;
			attributes = {
				BuildIndependentTargetsInParallel = 1;
				LastSwiftUpdateCheck = 1520;
				LastUpgradeCheck = 1520;
				TargetAttributes = {
					7884A17C2BB858B1007F536E = {
						CreatedOnToolsVersion = 15.2;
					};
				};
			};
			buildConfigurationList = 7884A1782BB858B1007F536E /* Build configuration list for PBXProject "Moonshot" */;
			compatibilityVersion = "Xcode 14.0";
			developmentRegion = en;
			hasScannedForEncodings = 0;
			knownRegions = (
				en,
				Base,
			);
			mainGroup = 7884A1742BB858B1007F536E;
			productRefGroup = 7884A17E2BB858B1007F536E /* Products */;
			projectDirPath = "";
			projectRoot = "";
			targets = (
				7884A17C2BB858B1007F536E /* Moonshot */,
			);
		};
/* End PBXProject section */

/* Begin PBXResourcesBuildPhase section */
		7884A17B2BB858B1007F536E /* Resources */ = {
			isa = PBXResourcesBuildPhase;
			buildActionMask = 2147483647;
			files = (
				7884A1882BB858B3007F536E /* Preview Assets.xcassets in Resources */,
				785AFB272BB9CFC8005A621D /* missions.json in Resources */,
				7884A1852BB858B3007F536E /* Assets.xcassets in Resources */,
				785AFB282BB9CFC8005A621D /* astronauts.json in Resources */,
			);
			runOnlyForDeploymentPostprocessing = 0;
		};
/* End PBXResourcesBuildPhase section */

/* Begin PBXSourcesBuildPhase section */
		7884A1792BB858B1007F536E /* Sources */ = {
			isa = PBXSourcesBuildPhase;
			buildActionMask = 2147483647;
			files = (
				78947C312BBB41E400EE873E /* MissionView.swift in Sources */,
				78947C3B2BBE1D9E00EE873E /* FlipView.swift in Sources */,
				785AFB2A2BB9D093005A621D /* Astronaut.swift in Sources */,
				78947C332BBB587B00EE873E /* AstronautView.swift in Sources */,
				78947C352BBCE04E00EE873E /* Divider.swift in Sources */,
				785AFB302BB9D9E9005A621D /* Color-Theme.swift in Sources */,
				78947C372BBCE0B500EE873E /* CrewView.swift in Sources */,
				7884A1832BB858B1007F536E /* ContentView.swift in Sources */,
				7884A1812BB858B1007F536E /* MoonshotApp.swift in Sources */,
				785AFB2E2BB9D52A005A621D /* Mission.swift in Sources */,
				785AFB2C2BB9D118005A621D /* Bundle-Decodable.swift in Sources */,
			);
			runOnlyForDeploymentPostprocessing = 0;
		};
/* End PBXSourcesBuildPhase section */

/* Begin XCBuildConfiguration section */
		7884A1892BB858B3007F536E /* Debug */ = {
			isa = XCBuildConfiguration;
			buildSettings = {
				ALWAYS_SEARCH_USER_PATHS = NO;
				ASSETCATALOG_COMPILER_GENERATE_SWIFT_ASSET_SYMBOL_EXTENSIONS = YES;
				CLANG_ANALYZER_NONNULL = YES;
				CLANG_ANALYZER_NUMBER_OBJECT_CONVERSION = YES_AGGRESSIVE;
				CLANG_CXX_LANGUAGE_STANDARD = "gnu++20";
				CLANG_ENABLE_MODULES = YES;
				CLANG_ENABLE_OBJC_ARC = YES;
				CLANG_ENABLE_OBJC_WEAK = YES;
				CLANG_WARN_BLOCK_CAPTURE_AUTORELEASING = YES;
				CLANG_WARN_BOOL_CONVERSION = YES;
				CLANG_WARN_COMMA = YES;
				CLANG_WARN_CONSTANT_CONVERSION = YES;
				CLANG_WARN_DEPRECATED_OBJC_IMPLEMENTATIONS = YES;
				CLANG_WARN_DIRECT_OBJC_ISA_USAGE = YES_ERROR;
				CLANG_WARN_DOCUMENTATION_COMMENTS = YES;
				CLANG_WARN_EMPTY_BODY = YES;
				CLANG_WARN_ENUM_CONVERSION = YES;
				CLANG_WARN_INFINITE_RECURSION = YES;
				CLANG_WARN_INT_CONVERSION = YES;
				CLANG_WARN_NON_LITERAL_NULL_CONVERSION = YES;
				CLANG_WARN_OBJC_IMPLICIT_RETAIN_SELF = YES;
				CLANG_WARN_OBJC_LITERAL_CONVERSION = YES;
				CLANG_WARN_OBJC_ROOT_CLASS = YES_ERROR;
				CLANG_WARN_QUOTED_INCLUDE_IN_FRAMEWORK_HEADER = YES;
				CLANG_WARN_RANGE_LOOP_ANALYSIS = YES;
				CLANG_WARN_STRICT_PROTOTYPES = YES;
				CLANG_WARN_SUSPICIOUS_MOVE = YES;
				CLANG_WARN_UNGUARDED_AVAILABILITY = YES_AGGRESSIVE;
				CLANG_WARN_UNREACHABLE_CODE = YES;
				CLANG_WARN__DUPLICATE_METHOD_MATCH = YES;
				COPY_PHASE_STRIP = NO;
				DEBUG_INFORMATION_FORMAT = dwarf;
				ENABLE_STRICT_OBJC_MSGSEND = YES;
				ENABLE_TESTABILITY = YES;
				ENABLE_USER_SCRIPT_SANDBOXING = YES;
				GCC_C_LANGUAGE_STANDARD = gnu17;
				GCC_DYNAMIC_NO_PIC = NO;
				GCC_NO_COMMON_BLOCKS = YES;
				GCC_OPTIMIZATION_LEVEL = 0;
				GCC_PREPROCESSOR_DEFINITIONS = (
					"DEBUG=1",
					"$(inherited)",
				);
				GCC_WARN_64_TO_32_BIT_CONVERSION = YES;
				GCC_WARN_ABOUT_RETURN_TYPE = YES_ERROR;
				GCC_WARN_UNDECLARED_SELECTOR = YES;
				GCC_WARN_UNINITIALIZED_AUTOS = YES_AGGRESSIVE;
				GCC_WARN_UNUSED_FUNCTION = YES;
				GCC_WARN_UNUSED_VARIABLE = YES;
				IPHONEOS_DEPLOYMENT_TARGET = 17.2;
				LOCALIZATION_PREFERS_STRING_CATALOGS = YES;
				MTL_ENABLE_DEBUG_INFO = INCLUDE_SOURCE;
				MTL_FAST_MATH = YES;
				ONLY_ACTIVE_ARCH = YES;
				SDKROOT = iphoneos;
				SWIFT_ACTIVE_COMPILATION_CONDITIONS = "DEBUG $(inherited)";
				SWIFT_OPTIMIZATION_LEVEL = "-Onone";
			};
			name = Debug;
		};
		7884A18A2BB858B3007F536E /* Release */ = {
			isa = XCBuildConfiguration;
			buildSettings = {
				ALWAYS_SEARCH_USER_PATHS = NO;
				ASSETCATALOG_COMPILER_GENERATE_SWIFT_ASSET_SYMBOL_EXTENSIONS = YES;
				CLANG_ANALYZER_NONNULL = YES;
				CLANG_ANALYZER_NUMBER_OBJECT_CONVERSION = YES_AGGRESSIVE;
				CLANG_CXX_LANGUAGE_STANDARD = "gnu++20";
				CLANG_ENABLE_MODULES = YES;
				CLANG_ENABLE_OBJC_ARC = YES;
				CLANG_ENABLE_OBJC_WEAK = YES;
				CLANG_WARN_BLOCK_CAPTURE_AUTORELEASING = YES;
				CLANG_WARN_BOOL_CONVERSION = YES;
				CLANG_WARN_COMMA = YES;
				CLANG_WARN_CONSTANT_CONVERSION = YES;
				CLANG_WARN_DEPRECATED_OBJC_IMPLEMENTATIONS = YES;
				CLANG_WARN_DIRECT_OBJC_ISA_USAGE = YES_ERROR;
				CLANG_WARN_DOCUMENTATION_COMMENTS = YES;
				CLANG_WARN_EMPTY_BODY = YES;
				CLANG_WARN_ENUM_CONVERSION = YES;
				CLANG_WARN_INFINITE_RECURSION = YES;
				CLANG_WARN_INT_CONVERSION = YES;
				CLANG_WARN_NON_LITERAL_NULL_CONVERSION = YES;
				CLANG_WARN_OBJC_IMPLICIT_RETAIN_SELF = YES;
				CLANG_WARN_OBJC_LITERAL_CONVERSION = YES;
				CLANG_WARN_OBJC_ROOT_CLASS = YES_ERROR;
				CLANG_WARN_QUOTED_INCLUDE_IN_FRAMEWORK_HEADER = YES;
				CLANG_WARN_RANGE_LOOP_ANALYSIS = YES;
				CLANG_WARN_STRICT_PROTOTYPES = YES;
				CLANG_WARN_SUSPICIOUS_MOVE = YES;
				CLANG_WARN_UNGUARDED_AVAILABILITY = YES_AGGRESSIVE;
				CLANG_WARN_UNREACHABLE_CODE = YES;
				CLANG_WARN__DUPLICATE_METHOD_MATCH = YES;
				COPY_PHASE_STRIP = NO;
				DEBUG_INFORMATION_FORMAT = "dwarf-with-dsym";
				ENABLE_NS_ASSERTIONS = NO;
				ENABLE_STRICT_OBJC_MSGSEND = YES;
				ENABLE_USER_SCRIPT_SANDBOXING = YES;
				GCC_C_LANGUAGE_STANDARD = gnu17;
				GCC_NO_COMMON_BLOCKS = YES;
				GCC_WARN_64_TO_32_BIT_CONVERSION = YES;
				GCC_WARN_ABOUT_RETURN_TYPE = YES_ERROR;
				GCC_WARN_UNDECLARED_SELECTOR = YES;
				GCC_WARN_UNINITIALIZED_AUTOS = YES_AGGRESSIVE;
				GCC_WARN_UNUSED_FUNCTION = YES;
				GCC_WARN_UNUSED_VARIABLE = YES;
				IPHONEOS_DEPLOYMENT_TARGET = 17.2;
				LOCALIZATION_PREFERS_STRING_CATALOGS = YES;
				MTL_ENABLE_DEBUG_INFO = NO;
				MTL_FAST_MATH = YES;
				SDKROOT = iphoneos;
				SWIFT_COMPILATION_MODE = wholemodule;
				VALIDATE_PRODUCT = YES;
			};
			name = Release;
		};
		7884A18C2BB858B3007F536E /* Debug */ = {
			isa = XCBuildConfiguration;
			buildSettings = {
				ASSETCATALOG_COMPILER_APPICON_NAME = AppIcon;
				ASSETCATALOG_COMPILER_GLOBAL_ACCENT_COLOR_NAME = AccentColor;
				CODE_SIGN_STYLE = Automatic;
				CURRENT_PROJECT_VERSION = 1;
				DEVELOPMENT_ASSET_PATHS = "\"Moonshot/Preview Content\"";
				DEVELOPMENT_TEAM = M9S5AM2UB6;
				ENABLE_PREVIEWS = YES;
				GENERATE_INFOPLIST_FILE = YES;
				INFOPLIST_KEY_UIApplicationSceneManifest_Generation = YES;
				INFOPLIST_KEY_UIApplicationSupportsIndirectInputEvents = YES;
				INFOPLIST_KEY_UILaunchScreen_Generation = YES;
				INFOPLIST_KEY_UISupportedInterfaceOrientations_iPad = "UIInterfaceOrientationPortrait UIInterfaceOrientationPortraitUpsideDown UIInterfaceOrientationLandscapeLeft UIInterfaceOrientationLandscapeRight";
				INFOPLIST_KEY_UISupportedInterfaceOrientations_iPhone = "UIInterfaceOrientationPortrait UIInterfaceOrientationLandscapeLeft UIInterfaceOrientationLandscapeRight";
				LD_RUNPATH_SEARCH_PATHS = (
					"$(inherited)",
					"@executable_path/Frameworks",
				);
				MARKETING_VERSION = 1.0;
				PRODUCT_BUNDLE_IDENTIFIER = com.cat.Moonshot;
				PRODUCT_NAME = "$(TARGET_NAME)";
				SWIFT_EMIT_LOC_STRINGS = YES;
				SWIFT_VERSION = 5.0;
				TARGETED_DEVICE_FAMILY = "1,2";
			};
			name = Debug;
		};
		7884A18D2BB858B3007F536E /* Release */ = {
			isa = XCBuildConfiguration;
			buildSettings = {
				ASSETCATALOG_COMPILER_APPICON_NAME = AppIcon;
				ASSETCATALOG_COMPILER_GLOBAL_ACCENT_COLOR_NAME = AccentColor;
				CODE_SIGN_STYLE = Automatic;
				CURRENT_PROJECT_VERSION = 1;
				DEVELOPMENT_ASSET_PATHS = "\"Moonshot/Preview Content\"";
				DEVELOPMENT_TEAM = M9S5AM2UB6;
				ENABLE_PREVIEWS = YES;
				GENERATE_INFOPLIST_FILE = YES;
				INFOPLIST_KEY_UIApplicationSceneManifest_Generation = YES;
				INFOPLIST_KEY_UIApplicationSupportsIndirectInputEvents = YES;
				INFOPLIST_KEY_UILaunchScreen_Generation = YES;
				INFOPLIST_KEY_UISupportedInterfaceOrientations_iPad = "UIInterfaceOrientationPortrait UIInterfaceOrientationPortraitUpsideDown UIInterfaceOrientationLandscapeLeft UIInterfaceOrientationLandscapeRight";
				INFOPLIST_KEY_UISupportedInterfaceOrientations_iPhone = "UIInterfaceOrientationPortrait UIInterfaceOrientationLandscapeLeft UIInterfaceOrientationLandscapeRight";
				LD_RUNPATH_SEARCH_PATHS = (
					"$(inherited)",
					"@executable_path/Frameworks",
				);
				MARKETING_VERSION = 1.0;
				PRODUCT_BUNDLE_IDENTIFIER = com.cat.Moonshot;
				PRODUCT_NAME = "$(TARGET_NAME)";
				SWIFT_EMIT_LOC_STRINGS = YES;
				SWIFT_VERSION = 5.0;
				TARGETED_DEVICE_FAMILY = "1,2";
			};
			name = Release;
		};
/* End XCBuildConfiguration section */

/* Begin XCConfigurationList section */
		7884A1782BB858B1007F536E /* Build configuration list for PBXProject "Moonshot" */ = {
			isa = XCConfigurationList;
			buildConfigurations = (
				7884A1892BB858B3007F536E /* Debug */,
				7884A18A2BB858B3007F536E /* Release */,
			);
			defaultConfigurationIsVisible = 0;
			defaultConfigurationName = Release;
		};
		7884A18B2BB858B3007F536E /* Build configuration list for PBXNativeTarget "Moonshot" */ = {
			isa = XCConfigurationList;
			buildConfigurations = (
				7884A18C2BB858B3007F536E /* Debug */,
				7884A18D2BB858B3007F536E /* Release */,
			);
			defaultConfigurationIsVisible = 0;
			defaultConfigurationName = Release;
		};
/* End XCConfigurationList section */
	};
	rootObject = 7884A1752BB858B1007F536E /* Project object */;
}
